
Microsoft Visual Studio Solution File, Format Version 12.00
# Visual Studio 15
VisualStudioVersion = 15.0.27428.2015
MinimumVisualStudioVersion = 10.0.40219.1
Project("{FAE04EC0-301F-11D3-BF4B-00C04F79EFBC}") = "TesteCRUD_SPED", "TesteCRUD_SPED\TesteCRUD_SPED.csproj", "{0EE37334-F518-43E0-8000-9D0CAF1E42B0}"
EndProject
Global
	GlobalSection(SolutionConfigurationPlatforms) = preSolution
		Debug|Any CPU = Debug|Any CPU
		Release|Any CPU = Release|Any CPU
	EndGlobalSection
	GlobalSection(ProjectConfigurationPlatforms) = postSolution
		{0EE37334-F518-43E0-8000-9D0CAF1E42B0}.Debug|Any CPU.ActiveCfg = Debug|Any CPU
		{0EE37334-F518-43E0-8000-9D0CAF1E42B0}.Debug|Any CPU.Build.0 = Debug|Any CPU
		{0EE37334-F518-43E0-8000-9D0CAF1E42B0}.Release|Any CPU.ActiveCfg = Release|Any CPU
		{0EE37334-F518-43E0-8000-9D0CAF1E42B0}.Release|Any CPU.Build.0 = Release|Any CPU
	EndGlobalSection
	GlobalSection(SolutionProperties) = preSolution
		HideSolutionNode = FALSE
	EndGlobalSection
	GlobalSection(ExtensibilityGlobals) = postSolution
		SolutionGuid = {144B6ED1-CD9C-43E5-8F3B-318C9F0839C3}
	EndGlobalSection
EndGlobal
